
Microsoft Visual Studio Solution File, Format Version 12.00
# Visual Studio Version 17
VisualStudioVersion = 17.11.35312.102
MinimumVisualStudioVersion = 10.0.40219.1
Project("{FAE04EC0-301F-11D3-BF4B-00C04F79EFBC}") = "Week9", "Week9\Week9.csproj", "{0FDC4166-80CE-46DF-833E-2C9986944150}"
EndProject
Global
	GlobalSection(SolutionConfigurationPlatforms) = preSolution
		Debug|Any CPU = Debug|Any CPU
		Release|Any CPU = Release|Any CPU
	EndGlobalSection
	GlobalSection(ProjectConfigurationPlatforms) = postSolution
		{0FDC4166-80CE-46DF-833E-2C9986944150}.Debug|Any CPU.ActiveCfg = Debug|Any CPU
		{0FDC4166-80CE-46DF-833E-2C9986944150}.Debug|Any CPU.Build.0 = Debug|Any CPU
		{0FDC4166-80CE-46DF-833E-2C9986944150}.Release|Any CPU.ActiveCfg = Release|Any CPU
		{0FDC4166-80CE-46DF-833E-2C9986944150}.Release|Any CPU.Build.0 = Release|Any CPU
	EndGlobalSection
	GlobalSection(SolutionProperties) = preSolution
		HideSolutionNode = FALSE
	EndGlobalSection
	GlobalSection(ExtensibilityGlobals) = postSolution
		SolutionGuid = {A0B41C11-675D-4910-8CB4-DBA3E6FF3929}
	EndGlobalSection
EndGlobal
